{
  "name": "nasa-project",
  "version": "file:../../../../../srv/dev-disk-by-uuid-db9821b2-551c-46d1-82cc-43296a0f6c38/Dev/node/nasa-project",
  "lockfileVersion": 3,
  "requires": true,
  "packages": {
    "": {
      "version": "1.0.0",
      "hasInstallScript": true,
      "license": "ISC"
    }
  }
}
